<?xml version="1.0" encoding="utf-8"?>
<Project ToolsVersion="4.0" xmlns="http://schemas.microsoft.com/developer/msbuild/2003">
  <ItemGroup>
    <Filter Include="Source Files">
      <UniqueIdentifier>{4FC737F1-C7A5-4376-A066-2A32D752A2FF}</UniqueIdentifier>
      <Extensions>cpp;c;cc;cxx;def;odl;idl;hpj;bat;asm;asmx</Extensions>
    </Filter>
    <Filter Include="Source Files\Utils">
      <UniqueIdentifier>{1a50e524-dd54-4926-8beb-297b39a720ee}</UniqueIdentifier>
    </Filter>
    <Filter Include="Source Files\Constraints">
      <UniqueIdentifier>{ef902c37-bfe0-4447-9fe9-213ee03b4d94}</UniqueIdentifier>
    </Filter>
    <Filter Include="Source Files\Prefab">
      <UniqueIdentifier>{14f3fa34-c349-4050-8b33-1452adf25c13}</UniqueIdentifier>
    </Filter>
    <Filter Include="Header Files">
      <UniqueIdentifier>{93995380-89BD-4b04-88EB-625FBE52EBFB}</UniqueIdentifier>
      <Extensions>h;hpp;hxx;hm;inl;inc;xsd</Extensions>
    </Filter>
    <Filter Include="Header Files\Utils">
      <UniqueIdentifier>{63a3f0bf-2dd6-4cfe-950a-4522f64d65f2}</UniqueIdentifier>
    </Filter>
    <Filter Include="Header Files\Constraints">
      <UniqueIdentifier>{573ab235-8c0e-4ec3-9e99-318aff3ef441}</UniqueIdentifier>
    </Filter>
    <Filter Include="Header Files\Prefab">
      <UniqueIdentifier>{17def61f-aeb9-4206-a5e7-5804176a5c1f}</UniqueIdentifier>
    </Filter>
    <Filter Include="Resource Files">
      <UniqueIdentifier>{67DA6AB6-F800-4c08-8B7A-83BB121AAD01}</UniqueIdentifier>
      <Extensions>rc;ico;cur;bmp;dlg;rc2;rct;bin;rgs;gif;jpg;jpeg;jpe;resx;tiff;tif;png;wav</Extensions>
    </Filter>
  </ItemGroup>
  <ItemGroup>
    <ClCompile Include="..\..\src\OgreBulletDynamicsConstraint.cpp">
      <Filter>Source Files</Filter>
    </ClCompile>
    <ClCompile Include="..\..\src\OgreBulletDynamicsObjectState.cpp">
      <Filter>Source Files</Filter>
    </ClCompile>
    <ClCompile Include="..\..\src\OgreBulletDynamicsPrecompiled.cpp">
      <Filter>Source Files</Filter>
    </ClCompile>
    <ClCompile Include="..\..\src\OgreBulletDynamicsRigidBody.cpp">
      <Filter>Source Files</Filter>
    </ClCompile>
    <ClCompile Include="..\..\src\OgreBulletDynamicsWorld.cpp">
      <Filter>Source Files</Filter>
    </ClCompile>
    <ClCompile Include="..\..\src\Constraints\OgreBulletDynamics6DofConstraint.cpp">
      <Filter>Source Files\Constraints</Filter>
    </ClCompile>
    <ClCompile Include="..\..\src\Constraints\OgreBulletDynamics6DofSpringConstraint.cpp">
      <Filter>Source Files\Constraints</Filter>
    </ClCompile>
    <ClCompile Include="..\..\src\Constraints\OgreBulletDynamicsHingeConstraint.cpp">
      <Filter>Source Files\Constraints</Filter>
    </ClCompile>
    <ClCompile Include="..\..\src\Constraints\OgreBulletDynamicsPoint2pointConstraint.cpp">
      <Filter>Source Files\Constraints</Filter>
    </ClCompile>
    <ClCompile Include="..\..\src\Constraints\OgreBulletDynamicsRaycastVehicle.cpp">
      <Filter>Source Files\Constraints</Filter>
    </ClCompile>
  </ItemGroup>
  <ItemGroup>
    <ClInclude Include="..\..\include\OgreBulletDynamics.h">
      <Filter>Header Files</Filter>
    </ClInclude>
    <ClInclude Include="..\..\include\OgreBulletDynamicsConstraint.h">
      <Filter>Header Files</Filter>
    </ClInclude>
    <ClInclude Include="..\..\include\OgreBulletDynamicsObjectState.h">
      <Filter>Header Files</Filter>
    </ClInclude>
    <ClInclude Include="..\..\include\OgreBulletDynamicsPreRequisites.h">
      <Filter>Header Files</Filter>
    </ClInclude>
    <ClInclude Include="..\..\include\OgreBulletDynamicsRigidBody.h">
      <Filter>Header Files</Filter>
    </ClInclude>
    <ClInclude Include="..\..\include\OgreBulletDynamicsWorld.h">
      <Filter>Header Files</Filter>
    </ClInclude>
    <ClInclude Include="..\..\include\Constraints\OgreBulletDynamics6DofConstraint.h">
      <Filter>Header Files\Constraints</Filter>
    </ClInclude>
    <ClInclude Include="..\..\include\Constraints\OgreBulletDynamics6DofSpringConstraint.h">
      <Filter>Header Files\Constraints</Filter>
    </ClInclude>
    <ClInclude Include="..\..\include\Constraints\OgreBulletDynamicsHingeConstraint.h">
      <Filter>Header Files\Constraints</Filter>
    </ClInclude>
    <ClInclude Include="..\..\include\Constraints\OgreBulletDynamicsPoint2pointConstraint.h">
      <Filter>Header Files\Constraints</Filter>
    </ClInclude>
    <ClInclude Include="..\..\include\Constraints\OgreBulletDynamicsRaycastVehicle.h">
      <Filter>Header Files\Constraints</Filter>
    </ClInclude>
  </ItemGroup>
</Project>