<?xml version="1.0" encoding="utf-8"?>
<Project ToolsVersion="4.0" xmlns="http://schemas.microsoft.com/developer/msbuild/2003">
  <ItemGroup>
    <Filter Include="Source Files">
      <UniqueIdentifier>{4FC737F1-C7A5-4376-A066-2A32D752A2FF}</UniqueIdentifier>
      <Extensions>cpp;c;cc;cxx;def;odl;idl;hpj;bat;asm;asmx</Extensions>
    </Filter>
    <Filter Include="Header Files">
      <UniqueIdentifier>{93995380-89BD-4b04-88EB-625FBE52EBFB}</UniqueIdentifier>
      <Extensions>h;hpp;hxx;hm;inl;inc;xsd</Extensions>
    </Filter>
    <Filter Include="GUI">
      <UniqueIdentifier>{8313e7ca-e0dc-4193-a3c9-259defa1ac5e}</UniqueIdentifier>
    </Filter>
    <Filter Include="DotScene">
      <UniqueIdentifier>{f492bcc0-dd77-4586-8bc1-785acc8218a3}</UniqueIdentifier>
    </Filter>
    <Filter Include="KeyBoard">
      <UniqueIdentifier>{aa98c49b-9cf6-4d55-8d7b-3f03411d5553}</UniqueIdentifier>
    </Filter>
  </ItemGroup>
  <ItemGroup>
    <ClCompile Include="source\BaseApplication.cpp">
      <Filter>Source Files</Filter>
    </ClCompile>
    <ClCompile Include="source\BasicTools.cpp">
      <Filter>Source Files</Filter>
    </ClCompile>
    <ClCompile Include="source\TutorialApplication.cpp">
      <Filter>Source Files</Filter>
    </ClCompile>
    <ClCompile Include="source\main.cpp">
      <Filter>Source Files</Filter>
    </ClCompile>
    <ClCompile Include="source\NCTUGUIManager.cpp">
      <Filter>GUI</Filter>
    </ClCompile>
    <ClCompile Include="source\GameConsoleWindow.cpp">
      <Filter>GUI</Filter>
    </ClCompile>
    <ClCompile Include="source\MainMenuWindow.cpp">
      <Filter>GUI</Filter>
    </ClCompile>
    <ClCompile Include="source\NCTUGUIWindow.cpp">
      <Filter>GUI</Filter>
    </ClCompile>
    <ClCompile Include="source\DotSceneLoader.cpp">
      <Filter>DotScene</Filter>
    </ClCompile>
    <ClCompile Include="source\KeyBoardHandler.cpp">
      <Filter>KeyBoard</Filter>
    </ClCompile>
    <ClCompile Include="source\GameMenuWindow.cpp">
      <Filter>GUI</Filter>
    </ClCompile>
  </ItemGroup>
  <ItemGroup>
    <ClInclude Include="include\BaseApplication.h">
      <Filter>Header Files</Filter>
    </ClInclude>
    <ClInclude Include="include\BasicTools.h">
      <Filter>Header Files</Filter>
    </ClInclude>
    <ClInclude Include="include\TutorialApplication.h">
      <Filter>Header Files</Filter>
    </ClInclude>
    <ClInclude Include="include\GameConsoleWindow.h">
      <Filter>GUI</Filter>
    </ClInclude>
    <ClInclude Include="include\NCTUGUIManager.h">
      <Filter>GUI</Filter>
    </ClInclude>
    <ClInclude Include="include\MainMenuWindow.h">
      <Filter>GUI</Filter>
    </ClInclude>
    <ClInclude Include="include\NCTUPrerequisite.h">
      <Filter>Header Files</Filter>
    </ClInclude>
    <ClInclude Include="include\NCTUGUIWindow.h">
      <Filter>GUI</Filter>
    </ClInclude>
    <ClInclude Include="include\DotSceneLoader.h">
      <Filter>DotScene</Filter>
    </ClInclude>
    <ClInclude Include="include\KeyBoardHandler.h">
      <Filter>KeyBoard</Filter>
    </ClInclude>
    <ClInclude Include="include\GameMenuWindow.h">
      <Filter>GUI</Filter>
    </ClInclude>
  </ItemGroup>
</Project>